# THIS IS AN AUTOGENERATED FILE. DO NOT EDIT THIS FILE DIRECTLY.
# yarn lockfile v1


"@automerge/automerge-wasm@0.9.0":
  version "0.9.0"
  resolved "https://registry.yarnpkg.com/@automerge/automerge-wasm/-/automerge-wasm-0.9.0.tgz#1b0e1ea595feeb47ea0f4b685bf2ffb7fa61f97c"
  integrity sha512-wTPcW3wVk20D1x0DOko/RsfZV1mlc8HJynqgTRhVocOxFIU/RCilnYRfJmSb8LwCG2uZzfqg0DLsEBqQZ53KBQ==

"@automerge/automerge@^2.1.10":
  version "2.1.10"
  resolved "https://registry.yarnpkg.com/@automerge/automerge/-/automerge-2.1.10.tgz#257f9f94c37db088008548cca7e57e853d1ed354"
  integrity sha512-xj8R3fQHZmDYnrYW5WrBqWm/r5sLV9Z7mu89pJ10wGLVS2V+iAB2os85DoOGI2etzjmQsoHyrd97GBmszjH4zQ==
  dependencies:
    "@automerge/automerge-wasm" "0.9.0"
    uuid "^9.0.0"

"@onsetsoftware/automerge-patcher@^0.12.0":
  version "0.12.0"
  resolved "https://registry.yarnpkg.com/@onsetsoftware/automerge-patcher/-/automerge-patcher-0.12.0.tgz#b3dcaca67ace109754dd06e84ec8aba9bf9f3c0f"
  integrity sha512-zmqgm6fZqUAVMe0FFLJLXFmFlbSyFARzr7FYI862xZNUCDczDR9/vEReOn1bLDIrvB8g5qjS+YClUM0LhS4g+g==
  dependencies:
    is-plain-object "^5.0.0"

is-plain-object@^5.0.0:
  version "5.0.0"
  resolved "https://registry.yarnpkg.com/is-plain-object/-/is-plain-object-5.0.0.tgz#4427f50ab3429e9025ea7d52e9043a9ef4159344"
  integrity sha512-VRSzKkbMm5jMDoKLbltAkFQ5Qr7VDiTFGXxYFXXowVj387GeGNOCsOH6Msy00SGZ3Fp84b1Naa1psqgcCIEP5Q==

uuid@^9.0.0:
  version "9.0.1"
  resolved "https://registry.yarnpkg.com/uuid/-/uuid-9.0.1.tgz#e188d4c8853cc722220392c424cd637f32293f30"
  integrity sha512-b+1eJOlsR9K8HJpow9Ok3fiWOWSIcIzXodvv0rQjVoOVNpWMpxf1wZNpt4y9h10odCNrqnYp1OBzRktckBe3sA==
